github.com/simonedbarber/go-template v0.0.0-20221126165201-1b26d8bcac09 h1:BpVE3TcolvPRwZmX6OD9TZk6E07A2A+PQtmSzFHqH2Y=
github.com/simonedbarber/go-template v0.0.0-20221126165201-1b26d8bcac09/go.mod h1:uubxjVtJX3M7qRq+Siy6Y2FaZSrGnKp3OeFiSGObYXk=
github.com/simonedbarber/go-template/text/template v0.0.0-20221126163055-d93db0c78416 h1:Uj+jvDU/FPhUfKAzUZZmfyqryDQ+sSGMzSgWfo1tClw=
github.com/simonedbarber/go-template/text/template v0.0.0-20221126163055-d93db0c78416/go.mod h1:cd0sR7djhcdV73avepxUOBOr3N/pVHXr9Q66Ig1GIiE=
